
Microsoft Visual Studio Solution File, Format Version 12.00
# Visual Studio Version 17
VisualStudioVersion = 17.7.33711.374
MinimumVisualStudioVersion = 10.0.40219.1
Project("{FAE04EC0-301F-11D3-BF4B-00C04F79EFBC}") = "InzBlogging.WebUI", "InzBlogging.WebUI\InzBlogging.WebUI.csproj", "{D1D6E116-140D-444A-9979-154B098EADFA}"
EndProject
Project("{FAE04EC0-301F-11D3-BF4B-00C04F79EFBC}") = "InzBlogging.Models", "InzBlogging.Models\InzBlogging.Models.csproj", "{C39DBF52-5428-4BC7-807B-8DC8DD39DE71}"
EndProject
Project("{FAE04EC0-301F-11D3-BF4B-00C04F79EFBC}") = "InzBlogging.Data", "InzBlogging.Data\InzBlogging.Data.csproj", "{B5DD8645-D207-4657-AD84-E9854C86FFB9}"
EndProject
Project("{FAE04EC0-301F-11D3-BF4B-00C04F79EFBC}") = "InzBlogging.Helper", "InzBlogging.Helper\InzBlogging.Helper.csproj", "{5CCA6E7D-6818-4A0C-9552-55D2000D9905}"
EndProject
Project("{FAE04EC0-301F-11D3-BF4B-00C04F79EFBC}") = "InzBlogging.Repository", "InzBlogging.Repository\InzBlogging.Repository.csproj", "{A9AD2C93-1474-4743-A4FA-B628029A2B7F}"
EndProject
Global
	GlobalSection(SolutionConfigurationPlatforms) = preSolution
		Debug|Any CPU = Debug|Any CPU
		Release|Any CPU = Release|Any CPU
	EndGlobalSection
	GlobalSection(ProjectConfigurationPlatforms) = postSolution
		{D1D6E116-140D-444A-9979-154B098EADFA}.Debug|Any CPU.ActiveCfg = Debug|Any CPU
		{D1D6E116-140D-444A-9979-154B098EADFA}.Debug|Any CPU.Build.0 = Debug|Any CPU
		{D1D6E116-140D-444A-9979-154B098EADFA}.Release|Any CPU.ActiveCfg = Release|Any CPU
		{D1D6E116-140D-444A-9979-154B098EADFA}.Release|Any CPU.Build.0 = Release|Any CPU
		{C39DBF52-5428-4BC7-807B-8DC8DD39DE71}.Debug|Any CPU.ActiveCfg = Debug|Any CPU
		{C39DBF52-5428-4BC7-807B-8DC8DD39DE71}.Debug|Any CPU.Build.0 = Debug|Any CPU
		{C39DBF52-5428-4BC7-807B-8DC8DD39DE71}.Release|Any CPU.ActiveCfg = Release|Any CPU
		{C39DBF52-5428-4BC7-807B-8DC8DD39DE71}.Release|Any CPU.Build.0 = Release|Any CPU
		{B5DD8645-D207-4657-AD84-E9854C86FFB9}.Debug|Any CPU.ActiveCfg = Debug|Any CPU
		{B5DD8645-D207-4657-AD84-E9854C86FFB9}.Debug|Any CPU.Build.0 = Debug|Any CPU
		{B5DD8645-D207-4657-AD84-E9854C86FFB9}.Release|Any CPU.ActiveCfg = Release|Any CPU
		{B5DD8645-D207-4657-AD84-E9854C86FFB9}.Release|Any CPU.Build.0 = Release|Any CPU
		{5CCA6E7D-6818-4A0C-9552-55D2000D9905}.Debug|Any CPU.ActiveCfg = Debug|Any CPU
		{5CCA6E7D-6818-4A0C-9552-55D2000D9905}.Debug|Any CPU.Build.0 = Debug|Any CPU
		{5CCA6E7D-6818-4A0C-9552-55D2000D9905}.Release|Any CPU.ActiveCfg = Release|Any CPU
		{5CCA6E7D-6818-4A0C-9552-55D2000D9905}.Release|Any CPU.Build.0 = Release|Any CPU
		{A9AD2C93-1474-4743-A4FA-B628029A2B7F}.Debug|Any CPU.ActiveCfg = Debug|Any CPU
		{A9AD2C93-1474-4743-A4FA-B628029A2B7F}.Debug|Any CPU.Build.0 = Debug|Any CPU
		{A9AD2C93-1474-4743-A4FA-B628029A2B7F}.Release|Any CPU.ActiveCfg = Release|Any CPU
		{A9AD2C93-1474-4743-A4FA-B628029A2B7F}.Release|Any CPU.Build.0 = Release|Any CPU
	EndGlobalSection
	GlobalSection(SolutionProperties) = preSolution
		HideSolutionNode = FALSE
	EndGlobalSection
	GlobalSection(ExtensibilityGlobals) = postSolution
		SolutionGuid = {B9EE64CE-C85C-48EF-8BA5-C4ED9A648556}
	EndGlobalSection
EndGlobal
